{
    "_readme": [
        "This file locks the dependencies of your project to a known state",
        "Read more about it at https://getcomposer.org/doc/01-basic-usage.md#installing-dependencies",
        "This file is @generated automatically"
    ],
    "content-hash": "982b7f292741d682aba34e077dc1cf74",
    "packages": [
        {
            "name": "mmdm/sim-cookie",
            "version": "v3.0.0",
            "source": {
                "type": "git",
                "url": "https://github.com/mmdm95/sim-cookie.git",
                "reference": "361340bbcd75941f47b082bf8399bfa7de0a88ea"
            },
            "dist": {
                "type": "zip",
                "url": "https://api.github.com/repos/mmdm95/sim-cookie/zipball/361340bbcd75941f47b082bf8399bfa7de0a88ea",
                "reference": "361340bbcd75941f47b082bf8399bfa7de0a88ea",
                "shasum": ""
            },
            "require": {
                "ext-json": "*",
                "mmdm/sim-crypt": "^1.0",
                "php": ">=7.2"
            },
            "type": "library",
            "autoload": {
                "psr-4": {
                    "Sim\\Cookie\\": "src/",
                    "Sim\\Cookie\\Tests\\": "Tests/"
                }
            },
            "notification-url": "https://packagist.org/downloads/",
            "license": [
                "MIT"
            ],
            "authors": [
                {
                    "name": "MMDM",
                    "email": "mmdehghan95@gmail.com"
                }
            ],
            "description": "A simple yet nice cookie management library",
            "support": {
                "issues": "https://github.com/mmdm95/sim-cookie/issues",
                "source": "https://github.com/mmdm95/sim-cookie/tree/v3.0.0"
            },
            "time": "2021-09-12T19:44:25+00:00"
        },
        {
            "name": "mmdm/sim-crypt",
            "version": "v1.1.2",
            "source": {
                "type": "git",
                "url": "https://github.com/mmdm95/sim-crypt.git",
                "reference": "f83132d310abf84e9d7e3fe8c7dd35083ffccde6"
            },
            "dist": {
                "type": "zip",
                "url": "https://api.github.com/repos/mmdm95/sim-crypt/zipball/f83132d310abf84e9d7e3fe8c7dd35083ffccde6",
                "reference": "f83132d310abf84e9d7e3fe8c7dd35083ffccde6",
                "shasum": ""
            },
            "require": {
                "ext-openssl": "*",
                "php": ">=7.2"
            },
            "type": "library",
            "autoload": {
                "psr-4": {
                    "Sim\\Crypt\\": "src/"
                }
            },
            "notification-url": "https://packagist.org/downloads/",
            "license": [
                "MIT"
            ],
            "authors": [
                {
                    "name": "MMDM",
                    "email": "mmdehghan95@gmail.com"
                }
            ],
            "description": "A simple yet nice encryption/decryption library",
            "support": {
                "issues": "https://github.com/mmdm95/sim-crypt/issues",
                "source": "https://github.com/mmdm95/sim-crypt/tree/v1.1.2"
            },
            "time": "2021-04-04T05:50:19+00:00"
        }
    ],
    "packages-dev": [],
    "aliases": [],
    "minimum-stability": "stable",
    "stability-flags": [],
    "prefer-stable": false,
    "prefer-lowest": false,
    "platform": {
        "ext-pdo": "*",
        "ext-json": "*"
    },
    "platform-dev": [],
    "plugin-api-version": "2.0.0"
}
